
Microsoft Visual Studio Solution File, Format Version 12.00
# Visual Studio Version 17
VisualStudioVersion = 17.8.34511.84
MinimumVisualStudioVersion = 10.0.40219.1
Project("{9A19103F-16F7-4668-BE54-9A1E7A4F7556}") = "sybring_project", "sybring_project\sybring_project.csproj", "{A83F9491-24FC-4731-8814-EE4945608AB6}"
EndProject
Project("{9A19103F-16F7-4668-BE54-9A1E7A4F7556}") = "Isolate", "Isolate\Isolate.csproj", "{AC683ACA-4573-4D49-9449-A6EFB3CDC3B4}"
EndProject
Project("{9A19103F-16F7-4668-BE54-9A1E7A4F7556}") = "Resize_blob", "Resize_blob\Resize_blob.csproj", "{AF1CD331-2352-4FBC-8E0B-3B5A646B8842}"
EndProject
Project("{9A19103F-16F7-4668-BE54-9A1E7A4F7556}") = "DataDelete5Year", "DataDelete5Year\DataDelete5Year.csproj", "{5D39BCEA-3A0A-4AD3-9E6F-562329A172EC}"
EndProject
Project("{FAE04EC0-301F-11D3-BF4B-00C04F79EFBC}") = "SendEmailForMissedTimeReport", "SendEmailForMissedTimeReport\SendEmailForMissedTimeReport.csproj", "{5C3F8520-053A-41BB-B903-0780F13CEAA2}"
EndProject
Global
	GlobalSection(SolutionConfigurationPlatforms) = preSolution
		Debug|Any CPU = Debug|Any CPU
		Release|Any CPU = Release|Any CPU
	EndGlobalSection
	GlobalSection(ProjectConfigurationPlatforms) = postSolution
		{A83F9491-24FC-4731-8814-EE4945608AB6}.Debug|Any CPU.ActiveCfg = Debug|Any CPU
		{A83F9491-24FC-4731-8814-EE4945608AB6}.Debug|Any CPU.Build.0 = Debug|Any CPU
		{A83F9491-24FC-4731-8814-EE4945608AB6}.Release|Any CPU.ActiveCfg = Release|Any CPU
		{A83F9491-24FC-4731-8814-EE4945608AB6}.Release|Any CPU.Build.0 = Release|Any CPU
		{AC683ACA-4573-4D49-9449-A6EFB3CDC3B4}.Debug|Any CPU.ActiveCfg = Debug|Any CPU
		{AC683ACA-4573-4D49-9449-A6EFB3CDC3B4}.Debug|Any CPU.Build.0 = Debug|Any CPU
		{AC683ACA-4573-4D49-9449-A6EFB3CDC3B4}.Release|Any CPU.ActiveCfg = Release|Any CPU
		{AC683ACA-4573-4D49-9449-A6EFB3CDC3B4}.Release|Any CPU.Build.0 = Release|Any CPU
		{AF1CD331-2352-4FBC-8E0B-3B5A646B8842}.Debug|Any CPU.ActiveCfg = Debug|Any CPU
		{AF1CD331-2352-4FBC-8E0B-3B5A646B8842}.Debug|Any CPU.Build.0 = Debug|Any CPU
		{AF1CD331-2352-4FBC-8E0B-3B5A646B8842}.Release|Any CPU.ActiveCfg = Release|Any CPU
		{AF1CD331-2352-4FBC-8E0B-3B5A646B8842}.Release|Any CPU.Build.0 = Release|Any CPU
		{5D39BCEA-3A0A-4AD3-9E6F-562329A172EC}.Debug|Any CPU.ActiveCfg = Debug|Any CPU
		{5D39BCEA-3A0A-4AD3-9E6F-562329A172EC}.Debug|Any CPU.Build.0 = Debug|Any CPU
		{5D39BCEA-3A0A-4AD3-9E6F-562329A172EC}.Release|Any CPU.ActiveCfg = Release|Any CPU
		{5D39BCEA-3A0A-4AD3-9E6F-562329A172EC}.Release|Any CPU.Build.0 = Release|Any CPU
		{5C3F8520-053A-41BB-B903-0780F13CEAA2}.Debug|Any CPU.ActiveCfg = Debug|Any CPU
		{5C3F8520-053A-41BB-B903-0780F13CEAA2}.Debug|Any CPU.Build.0 = Debug|Any CPU
		{5C3F8520-053A-41BB-B903-0780F13CEAA2}.Release|Any CPU.ActiveCfg = Release|Any CPU
		{5C3F8520-053A-41BB-B903-0780F13CEAA2}.Release|Any CPU.Build.0 = Release|Any CPU
	EndGlobalSection
	GlobalSection(SolutionProperties) = preSolution
		HideSolutionNode = FALSE
	EndGlobalSection
	GlobalSection(ExtensibilityGlobals) = postSolution
		SolutionGuid = {8D48C7F7-7B18-443D-BBED-E530B34661F0}
	EndGlobalSection
EndGlobal
